{
  "requires": true,
  "lockfileVersion": 1,
  "dependencies": {
    "platform": {
      "version": "1.3.6",
      "resolved": "https://registry.npmjs.org/platform/-/platform-1.3.6.tgz",
      "integrity": "sha512-fnWVljUchTro6RiCFvCXBbNhJc2NijN7oIQxbwsyL0buWJPG85v81ehlHI9fXrJsMNgTofEoWIQeClKpgxFLrg=="
    },
    "universal-tilt.js": {
      "version": "2.0.6",
      "resolved": "https://registry.npmjs.org/universal-tilt.js/-/universal-tilt.js-2.0.6.tgz",
      "integrity": "sha512-1d0BM4PaaaKgOfnX2rx0v5wk6oF2psxXnOzTLKLZloWVHzKNJnDW+bezZ6VshTKH9dbgiWFZG0yY71On/lxygA==",
      "requires": {
        "platform": "^1.3.5"
      }
    }
  }
}
